# This file is automatically @generated by Cargo.
# It is not intended for manual editing.
version = 4

[[package]]
name = "dispatch-helper"
version = "0.1.0"
dependencies = [
 "dispatch-helper-claude",
 "dispatch-helper-codex",
 "dispatch-helper-core",
 "dispatch-helper-files",
 "dispatch-helper-herdr",
 "dispatch-helper-nanocodex",
 "dispatch-helper-native",
 "dispatch-helper-pi",
 "dispatch-helper-stats",
 "dispatch-helper-tmux",
]

[[package]]
name = "dispatch-helper-claude"
version = "0.1.0"
dependencies = [
 "dispatch-helper-core",
]

[[package]]
name = "dispatch-helper-codex"
version = "0.1.0"
dependencies = [
 "dispatch-helper-core",
]

[[package]]
name = "dispatch-helper-core"
version = "0.1.0"

[[package]]
name = "dispatch-helper-files"
version = "0.1.0"
dependencies = [
 "dispatch-helper-core",
]

[[package]]
name = "dispatch-helper-herdr"
version = "0.1.0"
dependencies = [
 "dispatch-helper-core",
]

[[package]]
name = "dispatch-helper-nanocodex"
version = "0.1.0"
dependencies = [
 "dispatch-helper-core",
]

[[package]]
name = "dispatch-helper-native"
version = "0.1.0"
dependencies = [
 "dispatch-helper-core",
]

[[package]]
name = "dispatch-helper-pi"
version = "0.1.0"
dependencies = [
 "dispatch-helper-core",
]

[[package]]
name = "dispatch-helper-stats"
version = "0.1.0"
dependencies = [
 "dispatch-helper-core",
]

[[package]]
name = "dispatch-helper-tmux"
version = "0.1.0"
dependencies = [
 "dispatch-helper-core",
]
