# This file is automatically @generated by Cargo.
# It is not intended for manual editing.
version = 4

[[package]]
name = "dispatch-helper4"
version = "0.1.0"
dependencies = [
 "dispatch-helper4-claude",
 "dispatch-helper4-codex",
 "dispatch-helper4-core",
 "dispatch-helper4-files",
 "dispatch-helper4-herdr",
 "dispatch-helper4-nanocodex",
 "dispatch-helper4-native",
 "dispatch-helper4-pi",
 "dispatch-helper4-stats",
 "dispatch-helper4-tmux",
]

[[package]]
name = "dispatch-helper4-claude"
version = "0.1.0"
dependencies = [
 "dispatch-helper4-core",
]

[[package]]
name = "dispatch-helper4-codex"
version = "0.1.0"
dependencies = [
 "dispatch-helper4-core",
]

[[package]]
name = "dispatch-helper4-core"
version = "0.1.0"

[[package]]
name = "dispatch-helper4-files"
version = "0.1.0"
dependencies = [
 "dispatch-helper4-core",
]

[[package]]
name = "dispatch-helper4-herdr"
version = "0.1.0"
dependencies = [
 "dispatch-helper4-core",
]

[[package]]
name = "dispatch-helper4-nanocodex"
version = "0.1.0"
dependencies = [
 "dispatch-helper4-core",
]

[[package]]
name = "dispatch-helper4-native"
version = "0.1.0"
dependencies = [
 "dispatch-helper4-core",
]

[[package]]
name = "dispatch-helper4-pi"
version = "0.1.0"
dependencies = [
 "dispatch-helper4-core",
]

[[package]]
name = "dispatch-helper4-stats"
version = "0.1.0"
dependencies = [
 "dispatch-helper4-core",
]

[[package]]
name = "dispatch-helper4-tmux"
version = "0.1.0"
dependencies = [
 "dispatch-helper4-core",
]
